hash: 1c291eebb3efc21683a4ff9f480ae4af4003c9cfec2207c6d5c4929a840f5b40
updated: 2018-02-20T04:04:11.780237232Z
imports:
- name: github.com/asaskevich/govalidator
  version: 4b3d68f87f176641ffc147420296013aff66ea32
- name: github.com/corpix/errcomposer
  version: c014294efae0938dcd62e8e92bff858947eeaab0
- name: github.com/corpix/formats
  version: 9a60a2b6efca3a5264cfbece220df11e8a2813f6
- name: github.com/corpix/loggers
  version: 69c4a7d3244f0509086d4080e8898376aeb95e09
  subpackages:
  - logger/logrus
  - logger/prefixwrapper
- name: github.com/corpix/lua
  version: 5e74da89183dcb218d234721bf706702de363d65
  subpackages:
  - mapper
  - pool
- name: github.com/corpix/reflect
  version: 6ed20ec0fc290b86ccd48569a25610fb42768716
- name: github.com/davecgh/go-spew
  version: 87df7c60d5820d0f8ae11afede5aa52325c09717
  subpackages:
  - spew
- name: github.com/go-playground/locales
  version: e4cbcb5d0652150d40ad0646651076b6bd2be4f6
  subpackages:
  - currency
- name: github.com/go-playground/universal-translator
  version: 71201497bace774495daed26a3874fd339e0b538
- name: github.com/go-playground/validator
  version: 535f85221eb67ab842438877b22cac6274380cf2
- name: github.com/gorilla/context
  version: 08b5f424b9271eedf6f9f0ce86cb9396ed337a42
- name: github.com/gorilla/mux
  version: c0091a029979286890368b4c7b301261e448e242
- name: github.com/imdario/mergo
  version: 0d4b488675fdec1dde48751b05ab530cf0b630e1
- name: github.com/influxdata/influxdb
  version: 6d008c3453668d7ea64bd5265c0fb915964215eb
  subpackages:
  - client/v2
  - models
  - pkg/escape
- name: github.com/naoina/go-stringutil
  version: 6b638e95a32d0c1131db0e7fe83775cbea4a0d0b
- name: github.com/naoina/toml
  version: 9fafd69674167c06933b1787ae235618431ce87f
  subpackages:
  - ast
- name: github.com/savaki/swag
  version: 3a75479e44a3ae7f3a4cc91baa4ad000ac81a8ed
  subpackages:
  - endpoint
  - swagger
- name: github.com/sirupsen/logrus
  version: 8c0189d9f6bbf301e5d055d34268156b317016af
- name: github.com/urfave/cli
  version: a1c7408de3f632d86eee604a3bb755f1ffb68226
- name: github.com/yuin/gopher-lua
  version: 7d7bc8747e3f614c5c587729a341fe7d8903cdb8
  subpackages:
  - ast
  - parse
  - pm
- name: golang.org/x/crypto
  version: 9477e0b78b9ac3d0b03822fd95422e2fe07627cd
  subpackages:
  - ssh/terminal
- name: golang.org/x/sys
  version: 062cd7e4e68206d8bab9b18396626e855c992658
  subpackages:
  - unix
- name: gopkg.in/yaml.v2
  version: d670f9405373e636a5a2765eea47fac0c9bc91a4
testImports: []
