hash: cd0662158b899a270282436d78fd29050209ef5854910289de0aa1c12bd0eed2
updated: 2018-03-07T09:04:59.811933889Z
imports:
- name: github.com/asaskevich/govalidator
  version: 4b3d68f87f176641ffc147420296013aff66ea32
- name: github.com/corpix/errcomposer
  version: c014294efae0938dcd62e8e92bff858947eeaab0
- name: github.com/corpix/formats
  version: 44ae7d799273aeda646d30844a33cb803990ef3d
- name: github.com/corpix/loggers
  version: 6428ebad5a5ef7a300d5dc269a99978de598aace
  subpackages:
  - logger/logrus
  - logger/prefixwrapper
- name: github.com/corpix/lua
  version: 69f0827608ebeb93aca7b35d5583eb3dce15fba1
  subpackages:
  - mapper
  - pool
- name: github.com/corpix/reflect
  version: 762e8fbf1f83a7e3e4ee34b7732a776b478ffc3f
- name: github.com/corpix/template
  version: b9d46b1ed40a9fb8c42063205026387862a96970
- name: github.com/cryptounicorns/tsdbs
  version: 7114c7aed602d2b987cde90113089b4933518a62
  subpackages:
  - database/influxdb
- name: github.com/davecgh/go-spew
  version: 8991bc29aa16c548c550c7ff78260e27b9ab7c73
  subpackages:
  - spew
- name: github.com/go-playground/locales
  version: e4cbcb5d0652150d40ad0646651076b6bd2be4f6
  subpackages:
  - currency
- name: github.com/go-playground/universal-translator
  version: 71201497bace774495daed26a3874fd339e0b538
- name: github.com/go-playground/validator
  version: 1b8c8e19cd250435025214492d9a08411d760fdd
- name: github.com/gorilla/context
  version: 08b5f424b9271eedf6f9f0ce86cb9396ed337a42
- name: github.com/gorilla/mux
  version: 07ba1fd60e210dc5cc6f86ec25dc9ecc7c95c295
- name: github.com/imdario/mergo
  version: 0d4b488675fdec1dde48751b05ab530cf0b630e1
- name: github.com/influxdata/influxdb
  version: 6ac835404e7e64ea7299a6eebcce1ab1ef15fe3c
  subpackages:
  - client/v2
  - models
  - pkg/escape
- name: github.com/naoina/go-stringutil
  version: 6b638e95a32d0c1131db0e7fe83775cbea4a0d0b
- name: github.com/naoina/toml
  version: 9fafd69674167c06933b1787ae235618431ce87f
  subpackages:
  - ast
- name: github.com/savaki/swag
  version: 3a75479e44a3ae7f3a4cc91baa4ad000ac81a8ed
  subpackages:
  - endpoint
  - swagger
- name: github.com/sirupsen/logrus
  version: f4ee69125072b22721efbe639bd0da9c9d19b8cc
- name: github.com/urfave/cli
  version: 8e01ec4cd3e2d84ab2fe90d8210528ffbb06d8ff
- name: github.com/yuin/gopher-lua
  version: 7d7bc8747e3f614c5c587729a341fe7d8903cdb8
  subpackages:
  - ast
  - parse
  - pm
- name: golang.org/x/crypto
  version: 9477e0b78b9ac3d0b03822fd95422e2fe07627cd
  subpackages:
  - ssh/terminal
- name: golang.org/x/sys
  version: 062cd7e4e68206d8bab9b18396626e855c992658
  subpackages:
  - unix
- name: gopkg.in/yaml.v2
  version: 7f97868eec74b32b0982dd158a51a446d1da7eb5
testImports: []
