hash: c1f462cab67f7e06c8035e9f5fe24e1687012a28748be658c43ff01f45d9f8b9
updated: 2018-02-24T03:19:57.181556254Z
imports:
- name: github.com/asaskevich/govalidator
  version: 4b3d68f87f176641ffc147420296013aff66ea32
- name: github.com/corpix/errcomposer
  version: c014294efae0938dcd62e8e92bff858947eeaab0
- name: github.com/corpix/formats
  version: 44ae7d799273aeda646d30844a33cb803990ef3d
- name: github.com/corpix/loggers
  version: 6428ebad5a5ef7a300d5dc269a99978de598aace
  subpackages:
  - logger/logrus
  - logger/prefixwrapper
- name: github.com/corpix/lua
  version: 69f0827608ebeb93aca7b35d5583eb3dce15fba1
  subpackages:
  - mapper
  - pool
- name: github.com/corpix/reflect
  version: 762e8fbf1f83a7e3e4ee34b7732a776b478ffc3f
- name: github.com/corpix/template
  version: b9d46b1ed40a9fb8c42063205026387862a96970
- name: github.com/davecgh/go-spew
  version: 8991bc29aa16c548c550c7ff78260e27b9ab7c73
  subpackages:
  - spew
- name: github.com/go-playground/locales
  version: e4cbcb5d0652150d40ad0646651076b6bd2be4f6
  subpackages:
  - currency
- name: github.com/go-playground/universal-translator
  version: 71201497bace774495daed26a3874fd339e0b538
- name: github.com/go-playground/validator
  version: 150fe5b6a4ccc9cd6ffdbf5d184b67fbea75efcc
- name: github.com/gorilla/context
  version: 08b5f424b9271eedf6f9f0ce86cb9396ed337a42
- name: github.com/gorilla/mux
  version: c0091a029979286890368b4c7b301261e448e242
- name: github.com/imdario/mergo
  version: 0d4b488675fdec1dde48751b05ab530cf0b630e1
- name: github.com/influxdata/influxdb
  version: 89a88d218e3a79bdaa35e45a53b0a5fe6a5f3bd0
  subpackages:
  - client/v2
  - models
  - pkg/escape
- name: github.com/naoina/go-stringutil
  version: 6b638e95a32d0c1131db0e7fe83775cbea4a0d0b
- name: github.com/naoina/toml
  version: 9fafd69674167c06933b1787ae235618431ce87f
  subpackages:
  - ast
- name: github.com/savaki/swag
  version: 3a75479e44a3ae7f3a4cc91baa4ad000ac81a8ed
  subpackages:
  - endpoint
  - swagger
- name: github.com/sirupsen/logrus
  version: 8c0189d9f6bbf301e5d055d34268156b317016af
- name: github.com/urfave/cli
  version: 446f49e78f79a164079a99a88446182703331c75
- name: github.com/yuin/gopher-lua
  version: 7d7bc8747e3f614c5c587729a341fe7d8903cdb8
  subpackages:
  - ast
  - parse
  - pm
- name: golang.org/x/crypto
  version: 9477e0b78b9ac3d0b03822fd95422e2fe07627cd
  subpackages:
  - ssh/terminal
- name: golang.org/x/sys
  version: 062cd7e4e68206d8bab9b18396626e855c992658
  subpackages:
  - unix
- name: gopkg.in/yaml.v2
  version: 7f97868eec74b32b0982dd158a51a446d1da7eb5
testImports: []
